
Microsoft Visual Studio Solution File, Format Version 12.00
# Visual Studio Version 17
VisualStudioVersion = 17.12.35527.113
MinimumVisualStudioVersion = 10.0.40219.1
Project("{9A19103F-16F7-4668-BE54-9A1E7A4F7556}") = "StudyBattle.api", "SistemaDeTarefas\StudyBattle.api.csproj", "{C202FC44-F01E-400B-AEA2-B369E61AFBBA}"
EndProject
Project("{FAE04EC0-301F-11D3-BF4B-00C04F79EFBC}") = "TaskSystem.core", "TaskSystemCore\TaskSystem.core.csproj", "{1EDEC1A2-3B84-4830-AC05-8EDCDFF2F2DB}"
EndProject
Global
	GlobalSection(SolutionConfigurationPlatforms) = preSolution
		Debug|Any CPU = Debug|Any CPU
		Release|Any CPU = Release|Any CPU
	EndGlobalSection
	GlobalSection(ProjectConfigurationPlatforms) = postSolution
		{C202FC44-F01E-400B-AEA2-B369E61AFBBA}.Debug|Any CPU.ActiveCfg = Debug|Any CPU
		{C202FC44-F01E-400B-AEA2-B369E61AFBBA}.Debug|Any CPU.Build.0 = Debug|Any CPU
		{C202FC44-F01E-400B-AEA2-B369E61AFBBA}.Release|Any CPU.ActiveCfg = Release|Any CPU
		{C202FC44-F01E-400B-AEA2-B369E61AFBBA}.Release|Any CPU.Build.0 = Release|Any CPU
		{1EDEC1A2-3B84-4830-AC05-8EDCDFF2F2DB}.Debug|Any CPU.ActiveCfg = Debug|Any CPU
		{1EDEC1A2-3B84-4830-AC05-8EDCDFF2F2DB}.Debug|Any CPU.Build.0 = Debug|Any CPU
		{1EDEC1A2-3B84-4830-AC05-8EDCDFF2F2DB}.Release|Any CPU.ActiveCfg = Release|Any CPU
		{1EDEC1A2-3B84-4830-AC05-8EDCDFF2F2DB}.Release|Any CPU.Build.0 = Release|Any CPU
	EndGlobalSection
	GlobalSection(SolutionProperties) = preSolution
		HideSolutionNode = FALSE
	EndGlobalSection
	GlobalSection(ExtensibilityGlobals) = postSolution
		SolutionGuid = {4E702A28-E907-4BC8-B618-7A07BF7AA5CD}
	EndGlobalSection
EndGlobal
